// !$*UTF8*$!
{
	archiveVersion = 1;
	classes = {
	};
	objectVersion = 46;
	objects = {

/* Begin PBXBuildFile section */
		62FF77D21C62A37C00B3FA83 /* AppDelegate.swift in Sources */ = {isa = PBXBuildFile; fileRef = 62FF77D11C62A37C00B3FA83 /* AppDelegate.swift */; };
		62FF77D71C62A37C00B3FA83 /* Main.storyboard in Resources */ = {isa = PBXBuildFile; fileRef = 62FF77D51C62A37C00B3FA83 /* Main.storyboard */; };
		62FF77D91C62A37C00B3FA83 /* Assets.xcassets in Resources */ = {isa = PBXBuildFile; fileRef = 62FF77D81C62A37C00B3FA83 /* Assets.xcassets */; };
		62FF77DC1C62A37C00B3FA83 /* LaunchScreen.storyboard in Resources */ = {isa = PBXBuildFile; fileRef = 62FF77DA1C62A37C00B3FA83 /* LaunchScreen.storyboard */; };
		62FF77E41C62FCDD00B3FA83 /* ProductViewController.swift in Sources */ = {isa = PBXBuildFile; fileRef = 62FF77E31C62FCDD00B3FA83 /* ProductViewController.swift */; };
		62FF77E61C630B2100B3FA83 /* ContactViewController.swift in Sources */ = {isa = PBXBuildFile; fileRef = 62FF77E51C630B2100B3FA83 /* ContactViewController.swift */; };
		62FF77E81C6394B000B3FA83 /* ProductTableViewController.swift in Sources */ = {isa = PBXBuildFile; fileRef = 62FF77E71C6394B000B3FA83 /* ProductTableViewController.swift */; };
/* End PBXBuildFile section */

/* Begin PBXFileReference section */
		62FF77CE1C62A37B00B3FA83 /* VintageStore.app */ = {isa = PBXFileReference; explicitFileType = wrapper.application; includeInIndex = 0; path = VintageStore.app; sourceTree = BUILT_PRODUCTS_DIR; };
		62FF77D11C62A37C00B3FA83 /* AppDelegate.swift */ = {isa = PBXFileReference; lastKnownFileType = sourcecode.swift; path = AppDelegate.swift; sourceTree = "<group>"; };
		62FF77D61C62A37C00B3FA83 /* Base */ = {isa = PBXFileReference; lastKnownFileType = file.storyboard; name = Base; path = Base.lproj/Main.storyboard; sourceTree = "<group>"; };
		62FF77D81C62A37C00B3FA83 /* Assets.xcassets */ = {isa = PBXFileReference; lastKnownFileType = folder.assetcatalog; path = Assets.xcassets; sourceTree = "<group>"; };
		62FF77DB1C62A37C00B3FA83 /* Base */ = {isa = PBXFileReference; lastKnownFileType = file.storyboard; name = Base; path = Base.lproj/LaunchScreen.storyboard; sourceTree = "<group>"; };
		62FF77DD1C62A37C00B3FA83 /* Info.plist */ = {isa = PBXFileReference; lastKnownFileType = text.plist.xml; path = Info.plist; sourceTree = "<group>"; };
		62FF77E31C62FCDD00B3FA83 /* ProductViewController.swift */ = {isa = PBXFileReference; fileEncoding = 4; lastKnownFileType = sourcecode.swift; path = ProductViewController.swift; sourceTree = "<group>"; };
		62FF77E51C630B2100B3FA83 /* ContactViewController.swift */ = {isa = PBXFileReference; fileEncoding = 4; lastKnownFileType = sourcecode.swift; path = ContactViewController.swift; sourceTree = "<group>"; };
		62FF77E71C6394B000B3FA83 /* ProductTableViewController.swift */ = {isa = PBXFileReference; fileEncoding = 4; lastKnownFileType = sourcecode.swift; path = ProductTableViewController.swift; sourceTree = "<group>"; };
/* End PBXFileReference section */

/* Begin PBXFrameworksBuildPhase section */
		62FF77CB1C62A37B00B3FA83 /* Frameworks */ = {
			isa = PBXFrameworksBuildPhase;
			buildActionMask = 2147483647;
			files = (
			);
			runOnlyForDeploymentPostprocessing = 0;
		};
/* End PBXFrameworksBuildPhase section */

/* Begin PBXGroup section */
		62FF77C51C62A37B00B3FA83 = {
			isa = PBXGroup;
			children = (
				62FF77D01C62A37C00B3FA83 /* VintageStore */,
				62FF77CF1C62A37B00B3FA83 /* Products */,
			);
			sourceTree = "<group>";
		};
		62FF77CF1C62A37B00B3FA83 /* Products */ = {
			isa = PBXGroup;
			children = (
				62FF77CE1C62A37B00B3FA83 /* VintageStore.app */,
			);
			name = Products;
			sourceTree = "<group>";
		};
		62FF77D01C62A37C00B3FA83 /* VintageStore */ = {
			isa = PBXGroup;
			children = (
				62FF77D11C62A37C00B3FA83 /* AppDelegate.swift */,
				62FF77D51C62A37C00B3FA83 /* Main.storyboard */,
				62FF77D81C62A37C00B3FA83 /* Assets.xcassets */,
				62FF77DA1C62A37C00B3FA83 /* LaunchScreen.storyboard */,
				62FF77DD1C62A37C00B3FA83 /* Info.plist */,
				62FF77E31C62FCDD00B3FA83 /* ProductViewController.swift */,
				62FF77E51C630B2100B3FA83 /* ContactViewController.swift */,
				62FF77E71C6394B000B3FA83 /* ProductTableViewController.swift */,
			);
			path = VintageStore;
			sourceTree = "<group>";
		};
/* End PBXGroup section */

/* Begin PBXNativeTarget section */
		62FF77CD1C62A37B00B3FA83 /* VintageStore */ = {
			isa = PBXNativeTarget;
			buildConfigurationList = 62FF77E01C62A37C00B3FA83 /* Build configuration list for PBXNativeTarget "VintageStore" */;
			buildPhases = (
				62FF77CA1C62A37B00B3FA83 /* Sources */,
				62FF77CB1C62A37B00B3FA83 /* Frameworks */,
				62FF77CC1C62A37B00B3FA83 /* Resources */,
			);
			buildRules = (
			);
			dependencies = (
			);
			name = VintageStore;
			productName = VintageStore;
			productReference = 62FF77CE1C62A37B00B3FA83 /* VintageStore.app */;
			productType = "com.apple.product-type.application";
		};
/* End PBXNativeTarget section */

/* Begin PBXProject section */
		62FF77C61C62A37B00B3FA83 /* Project object */ = {
			isa = PBXProject;
			attributes = {
				LastSwiftUpdateCheck = 0720;
				LastUpgradeCheck = 0720;
				ORGANIZATIONNAME = ShellZero;
				TargetAttributes = {
					62FF77CD1C62A37B00B3FA83 = {
						CreatedOnToolsVersion = 7.2;
						DevelopmentTeam = 8DQ8CH7U2S;
					};
				};
			};
			buildConfigurationList = 62FF77C91C62A37B00B3FA83 /* Build configuration list for PBXProject "VintageStore" */;
			compatibilityVersion = "Xcode 3.2";
			developmentRegion = English;
			hasScannedForEncodings = 0;
			knownRegions = (
				en,
				Base,
			);
			mainGroup = 62FF77C51C62A37B00B3FA83;
			productRefGroup = 62FF77CF1C62A37B00B3FA83 /* Products */;
			projectDirPath = "";
			projectRoot = "";
			targets = (
				62FF77CD1C62A37B00B3FA83 /* VintageStore */,
			);
		};
/* End PBXProject section */

/* Begin PBXResourcesBuildPhase section */
		62FF77CC1C62A37B00B3FA83 /* Resources */ = {
			isa = PBXResourcesBuildPhase;
			buildActionMask = 2147483647;
			files = (
				62FF77DC1C62A37C00B3FA83 /* LaunchScreen.storyboard in Resources */,
				62FF77D91C62A37C00B3FA83 /* Assets.xcassets in Resources */,
				62FF77D71C62A37C00B3FA83 /* Main.storyboard in Resources */,
			);
			runOnlyForDeploymentPostprocessing = 0;
		};
/* End PBXResourcesBuildPhase section */

/* Begin PBXSourcesBuildPhase section */
		62FF77CA1C62A37B00B3FA83 /* Sources */ = {
			isa = PBXSourcesBuildPhase;
			buildActionMask = 2147483647;
			files = (
				62FF77E41C62FCDD00B3FA83 /* ProductViewController.swift in Sources */,
				62FF77D21C62A37C00B3FA83 /* AppDelegate.swift in Sources */,
				62FF77E81C6394B000B3FA83 /* ProductTableViewController.swift in Sources */,
				62FF77E61C630B2100B3FA83 /* ContactViewController.swift in Sources */,
			);
			runOnlyForDeploymentPostprocessing = 0;
		};
/* End PBXSourcesBuildPhase section */

/* Begin PBXVariantGroup section */
		62FF77D51C62A37C00B3FA83 /* Main.storyboard */ = {
			isa = PBXVariantGroup;
			children = (
				62FF77D61C62A37C00B3FA83 /* Base */,
			);
			name = Main.storyboard;
			sourceTree = "<group>";
		};
		62FF77DA1C62A37C00B3FA83 /* LaunchScreen.storyboard */ = {
			isa = PBXVariantGroup;
			children = (
				62FF77DB1C62A37C00B3FA83 /* Base */,
			);
			name = LaunchScreen.storyboard;
			sourceTree = "<group>";
		};
/* End PBXVariantGroup section */

/* Begin XCBuildConfiguration section */
		62FF77DE1C62A37C00B3FA83 /* Debug */ = {
			isa = XCBuildConfiguration;
			buildSettings = {
				ALWAYS_SEARCH_USER_PATHS = NO;
				CLANG_CXX_LANGUAGE_STANDARD = "gnu++0x";
				CLANG_CXX_LIBRARY = "libc++";
				CLANG_ENABLE_MODULES = YES;
				CLANG_ENABLE_OBJC_ARC = YES;
				CLANG_WARN_BOOL_CONVERSION = YES;
				CLANG_WARN_CONSTANT_CONVERSION = YES;
				CLANG_WARN_DIRECT_OBJC_ISA_USAGE = YES_ERROR;
				CLANG_WARN_EMPTY_BODY = YES;
				CLANG_WARN_ENUM_CONVERSION = YES;
				CLANG_WARN_INT_CONVERSION = YES;
				CLANG_WARN_OBJC_ROOT_CLASS = YES_ERROR;
				CLANG_WARN_UNREACHABLE_CODE = YES;
				CLANG_WARN__DUPLICATE_METHOD_MATCH = YES;
				"CODE_SIGN_IDENTITY[sdk=iphoneos*]" = "iPhone Developer";
				COPY_PHASE_STRIP = NO;
				DEBUG_INFORMATION_FORMAT = dwarf;
				ENABLE_STRICT_OBJC_MSGSEND = YES;
				ENABLE_TESTABILITY = YES;
				GCC_C_LANGUAGE_STANDARD = gnu99;
				GCC_DYNAMIC_NO_PIC = NO;
				GCC_NO_COMMON_BLOCKS = YES;
				GCC_OPTIMIZATION_LEVEL = 0;
				GCC_PREPROCESSOR_DEFINITIONS = (
					"DEBUG=1",
					"$(inherited)",
				);
				GCC_WARN_64_TO_32_BIT_CONVERSION = YES;
				GCC_WARN_ABOUT_RETURN_TYPE = YES_ERROR;
				GCC_WARN_UNDECLARED_SELECTOR = YES;
				GCC_WARN_UNINITIALIZED_AUTOS = YES_AGGRESSIVE;
				GCC_WARN_UNUSED_FUNCTION = YES;
				GCC_WARN_UNUSED_VARIABLE = YES;
				IPHONEOS_DEPLOYMENT_TARGET = 9.2;
				MTL_ENABLE_DEBUG_INFO = YES;
				ONLY_ACTIVE_ARCH = YES;
				SDKROOT = iphoneos;
				SWIFT_OPTIMIZATION_LEVEL = "-Onone";
			};
			name = Debug;
		};
		62FF77DF1C62A37C00B3FA83 /* Release */ = {
			isa = XCBuildConfiguration;
			buildSettings = {
				ALWAYS_SEARCH_USER_PATHS = NO;
				CLANG_CXX_LANGUAGE_STANDARD = "gnu++0x";
				CLANG_CXX_LIBRARY = "libc++";
				CLANG_ENABLE_MODULES = YES;
				CLANG_ENABLE_OBJC_ARC = YES;
				CLANG_WARN_BOOL_CONVERSION = YES;
				CLANG_WARN_CONSTANT_CONVERSION = YES;
				CLANG_WARN_DIRECT_OBJC_ISA_USAGE = YES_ERROR;
				CLANG_WARN_EMPTY_BODY = YES;
				CLANG_WARN_ENUM_CONVERSION = YES;
				CLANG_WARN_INT_CONVERSION = YES;
				CLANG_WARN_OBJC_ROOT_CLASS = YES_ERROR;
				CLANG_WARN_UNREACHABLE_CODE = YES;
				CLANG_WARN__DUPLICATE_METHOD_MATCH = YES;
				"CODE_SIGN_IDENTITY[sdk=iphoneos*]" = "iPhone Developer";
				COPY_PHASE_STRIP = NO;
				DEBUG_INFORMATION_FORMAT = "dwarf-with-dsym";
				ENABLE_NS_ASSERTIONS = NO;
				ENABLE_STRICT_OBJC_MSGSEND = YES;
				GCC_C_LANGUAGE_STANDARD = gnu99;
				GCC_NO_COMMON_BLOCKS = YES;
				GCC_WARN_64_TO_32_BIT_CONVERSION = YES;
				GCC_WARN_ABOUT_RETURN_TYPE = YES_ERROR;
				GCC_WARN_UNDECLARED_SELECTOR = YES;
				GCC_WARN_UNINITIALIZED_AUTOS = YES_AGGRESSIVE;
				GCC_WARN_UNUSED_FUNCTION = YES;
				GCC_WARN_UNUSED_VARIABLE = YES;
				IPHONEOS_DEPLOYMENT_TARGET = 9.2;
				MTL_ENABLE_DEBUG_INFO = NO;
				SDKROOT = iphoneos;
				VALIDATE_PRODUCT = YES;
			};
			name = Release;
		};
		62FF77E11C62A37C00B3FA83 /* Debug */ = {
			isa = XCBuildConfiguration;
			buildSettings = {
				ASSETCATALOG_COMPILER_APPICON_NAME = AppIcon;
				INFOPLIST_FILE = VintageStore/Info.plist;
				LD_RUNPATH_SEARCH_PATHS = "$(inherited) @executable_path/Frameworks";
				PRODUCT_BUNDLE_IDENTIFIER = com.shellzero.inception.VintageStore;
				PRODUCT_NAME = "$(TARGET_NAME)";
			};
			name = Debug;
		};
		62FF77E21C62A37C00B3FA83 /* Release */ = {
			isa = XCBuildConfiguration;
			buildSettings = {
				ASSETCATALOG_COMPILER_APPICON_NAME = AppIcon;
				INFOPLIST_FILE = VintageStore/Info.plist;
				LD_RUNPATH_SEARCH_PATHS = "$(inherited) @executable_path/Frameworks";
				PRODUCT_BUNDLE_IDENTIFIER = com.shellzero.inception.VintageStore;
				PRODUCT_NAME = "$(TARGET_NAME)";
			};
			name = Release;
		};
/* End XCBuildConfiguration section */

/* Begin XCConfigurationList section */
		62FF77C91C62A37B00B3FA83 /* Build configuration list for PBXProject "VintageStore" */ = {
			isa = XCConfigurationList;
			buildConfigurations = (
				62FF77DE1C62A37C00B3FA83 /* Debug */,
				62FF77DF1C62A37C00B3FA83 /* Release */,
			);
			defaultConfigurationIsVisible = 0;
			defaultConfigurationName = Release;
		};
		62FF77E01C62A37C00B3FA83 /* Build configuration list for PBXNativeTarget "VintageStore" */ = {
			isa = XCConfigurationList;
			buildConfigurations = (
				62FF77E11C62A37C00B3FA83 /* Debug */,
				62FF77E21C62A37C00B3FA83 /* Release */,
			);
			defaultConfigurationIsVisible = 0;
		};
/* End XCConfigurationList section */
	};
	rootObject = 62FF77C61C62A37B00B3FA83 /* Project object */;
}
